
Microsoft Visual Studio Solution File, Format Version 12.00
# Visual Studio Version 16
VisualStudioVersion = 16.0.32126.315
MinimumVisualStudioVersion = 10.0.40219.1
Project("{FAE04EC0-301F-11D3-BF4B-00C04F79EFBC}") = "Class7", "Class7.csproj", "{F466DFC3-A0B3-48E3-9517-3ECE92BFCB6A}"
EndProject
Global
	GlobalSection(SolutionConfigurationPlatforms) = preSolution
		Debug|Any CPU = Debug|Any CPU
		Release|Any CPU = Release|Any CPU
	EndGlobalSection
	GlobalSection(ProjectConfigurationPlatforms) = postSolution
		{F466DFC3-A0B3-48E3-9517-3ECE92BFCB6A}.Debug|Any CPU.ActiveCfg = Debug|Any CPU
		{F466DFC3-A0B3-48E3-9517-3ECE92BFCB6A}.Debug|Any CPU.Build.0 = Debug|Any CPU
		{F466DFC3-A0B3-48E3-9517-3ECE92BFCB6A}.Release|Any CPU.ActiveCfg = Release|Any CPU
		{F466DFC3-A0B3-48E3-9517-3ECE92BFCB6A}.Release|Any CPU.Build.0 = Release|Any CPU
	EndGlobalSection
	GlobalSection(SolutionProperties) = preSolution
		HideSolutionNode = FALSE
	EndGlobalSection
	GlobalSection(ExtensibilityGlobals) = postSolution
		SolutionGuid = {89F0FD08-37B0-48A4-B405-79EFF7558395}
	EndGlobalSection
EndGlobal
