
Microsoft Visual Studio Solution File, Format Version 12.00
# Visual Studio Version 16
VisualStudioVersion = 16.0.32228.343
MinimumVisualStudioVersion = 10.0.40219.1
Project("{9A19103F-16F7-4668-BE54-9A1E7A4F7556}") = "Class4", "Class4\Class4\Class4.csproj", "{21E8B3C6-6C77-433C-9D78-19E7A88AD07E}"
EndProject
Global
	GlobalSection(SolutionConfigurationPlatforms) = preSolution
		Debug|Any CPU = Debug|Any CPU
		Release|Any CPU = Release|Any CPU
	EndGlobalSection
	GlobalSection(ProjectConfigurationPlatforms) = postSolution
		{21E8B3C6-6C77-433C-9D78-19E7A88AD07E}.Debug|Any CPU.ActiveCfg = Debug|Any CPU
		{21E8B3C6-6C77-433C-9D78-19E7A88AD07E}.Debug|Any CPU.Build.0 = Debug|Any CPU
		{21E8B3C6-6C77-433C-9D78-19E7A88AD07E}.Release|Any CPU.ActiveCfg = Release|Any CPU
		{21E8B3C6-6C77-433C-9D78-19E7A88AD07E}.Release|Any CPU.Build.0 = Release|Any CPU
	EndGlobalSection
	GlobalSection(SolutionProperties) = preSolution
		HideSolutionNode = FALSE
	EndGlobalSection
	GlobalSection(ExtensibilityGlobals) = postSolution
		SolutionGuid = {7847BF66-D93E-4313-92C5-8684EFBDE3DF}
	EndGlobalSection
EndGlobal
